github.com/dave/jennifer v1.7.1 h1:B4jJJDHelWcDhlRQxWeo0Npa/pYKBLrirAQoTN45txo=
github.com/dave/jennifer v1.7.1/go.mod h1:nXbxhEmQfOZhWml3D1cDK5M1FLnMSozpbFN/m3RmGZc=
github.com/divan/num2words v1.0.3 h1:OG4A0arFQS9N7fZ3WErD4zCtkSNN/a5k+2FuHg+pYt4=
github.com/divan/num2words v1.0.3/go.mod h1:duNwU06A80oPNPA5fX2puj/uQBpLWMBrE/gS8kX/0BU=
golang.org/x/text v0.34.0 h1:oL/Qq0Kdaqxa1KbNeMKwQq0reLCCaFtqu2eNuSeNHbk=
golang.org/x/text v0.34.0/go.mod h1:homfLqTYRFyVYemLBFl5GgL/DWEiH5wcsQ5gSh1yziA=
