github.com/dave/jennifer v1.7.1 h1:B4jJJDHelWcDhlRQxWeo0Npa/pYKBLrirAQoTN45txo=
github.com/dave/jennifer v1.7.1/go.mod h1:nXbxhEmQfOZhWml3D1cDK5M1FLnMSozpbFN/m3RmGZc=
github.com/divan/num2words v1.0.3 h1:OG4A0arFQS9N7fZ3WErD4zCtkSNN/a5k+2FuHg+pYt4=
github.com/divan/num2words v1.0.3/go.mod h1:duNwU06A80oPNPA5fX2puj/uQBpLWMBrE/gS8kX/0BU=
golang.org/x/text v0.37.0 h1:Cqjiwd9eSg8e0QAkyCaQTNHFIIzWtidPahFWR83rTrc=
golang.org/x/text v0.37.0/go.mod h1:a5sjxXGs9hsn/AJVwuElvCAo9v8QYLzvavO5z2PiM38=
